
Microsoft Visual Studio Solution File, Format Version 12.00
# Visual Studio Version 17
VisualStudioVersion = 17.4.33205.214
MinimumVisualStudioVersion = 10.0.40219.1
Project("{9A19103F-16F7-4668-BE54-9A1E7A4F7556}") = "HomeSwap.Repositories", "HomeSwap.Repositories\HomeSwap.Repositories.csproj", "{53267A6B-A0A0-4FFF-9C5F-6C1F6DC45F4B}"
EndProject
Project("{9A19103F-16F7-4668-BE54-9A1E7A4F7556}") = "HomeSwap.Services", "HomeSwap.Services\HomeSwap.Services.csproj", "{36364194-33CF-4285-8045-07E5939E8799}"
EndProject
Project("{9A19103F-16F7-4668-BE54-9A1E7A4F7556}") = "HomeSwap.Common", "HomeSwap.Common\HomeSwap.Common.csproj", "{45DE19B3-1209-4DEE-95BB-D7AFFC61962D}"
EndProject
Project("{FAE04EC0-301F-11D3-BF4B-00C04F79EFBC}") = "HomeSwap.API", "HomeSwap.API\HomeSwap.API.csproj", "{3FF6B7A5-5F7B-4960-8F8D-4F3B375121A1}"
EndProject
Global
	GlobalSection(SolutionConfigurationPlatforms) = preSolution
		Debug|Any CPU = Debug|Any CPU
		Release|Any CPU = Release|Any CPU
	EndGlobalSection
	GlobalSection(ProjectConfigurationPlatforms) = postSolution
		{53267A6B-A0A0-4FFF-9C5F-6C1F6DC45F4B}.Debug|Any CPU.ActiveCfg = Debug|Any CPU
		{53267A6B-A0A0-4FFF-9C5F-6C1F6DC45F4B}.Debug|Any CPU.Build.0 = Debug|Any CPU
		{53267A6B-A0A0-4FFF-9C5F-6C1F6DC45F4B}.Release|Any CPU.ActiveCfg = Release|Any CPU
		{53267A6B-A0A0-4FFF-9C5F-6C1F6DC45F4B}.Release|Any CPU.Build.0 = Release|Any CPU
		{36364194-33CF-4285-8045-07E5939E8799}.Debug|Any CPU.ActiveCfg = Debug|Any CPU
		{36364194-33CF-4285-8045-07E5939E8799}.Debug|Any CPU.Build.0 = Debug|Any CPU
		{36364194-33CF-4285-8045-07E5939E8799}.Release|Any CPU.ActiveCfg = Release|Any CPU
		{36364194-33CF-4285-8045-07E5939E8799}.Release|Any CPU.Build.0 = Release|Any CPU
		{45DE19B3-1209-4DEE-95BB-D7AFFC61962D}.Debug|Any CPU.ActiveCfg = Debug|Any CPU
		{45DE19B3-1209-4DEE-95BB-D7AFFC61962D}.Debug|Any CPU.Build.0 = Debug|Any CPU
		{45DE19B3-1209-4DEE-95BB-D7AFFC61962D}.Release|Any CPU.ActiveCfg = Release|Any CPU
		{45DE19B3-1209-4DEE-95BB-D7AFFC61962D}.Release|Any CPU.Build.0 = Release|Any CPU
		{3FF6B7A5-5F7B-4960-8F8D-4F3B375121A1}.Debug|Any CPU.ActiveCfg = Debug|Any CPU
		{3FF6B7A5-5F7B-4960-8F8D-4F3B375121A1}.Debug|Any CPU.Build.0 = Debug|Any CPU
		{3FF6B7A5-5F7B-4960-8F8D-4F3B375121A1}.Release|Any CPU.ActiveCfg = Release|Any CPU
		{3FF6B7A5-5F7B-4960-8F8D-4F3B375121A1}.Release|Any CPU.Build.0 = Release|Any CPU
	EndGlobalSection
	GlobalSection(SolutionProperties) = preSolution
		HideSolutionNode = FALSE
	EndGlobalSection
	GlobalSection(ExtensibilityGlobals) = postSolution
		SolutionGuid = {0CD2B556-F32F-437F-BD28-A56AFB898DFC}
	EndGlobalSection
EndGlobal
